// !$*UTF8*$!
{
	archiveVersion = 1;
	classes = {
	};
	objectVersion = 55;
	objects = {

/* Begin PBXBuildFile section */
		2900999727A1A4820012F975 /* ContentViewModel.swift in Sources */ = {isa = PBXBuildFile; fileRef = 2900999627A1A4820012F975 /* ContentViewModel.swift */; };
		2900999927A1B0E80012F975 /* LoginModel.swift in Sources */ = {isa = PBXBuildFile; fileRef = 2900999827A1B0E80012F975 /* LoginModel.swift */; };
		2900999B27A1B0F50012F975 /* FriendsModel.swift in Sources */ = {isa = PBXBuildFile; fileRef = 2900999A27A1B0F50012F975 /* FriendsModel.swift */; };
		2900999D27A1B0FF0012F975 /* UserDefaultsModel.swift in Sources */ = {isa = PBXBuildFile; fileRef = 2900999C27A1B0FF0012F975 /* UserDefaultsModel.swift */; };
		2900999F27A1B85D0012F975 /* ChatsModel.swift in Sources */ = {isa = PBXBuildFile; fileRef = 2900999E27A1B85D0012F975 /* ChatsModel.swift */; };
		290099A127A1F4960012F975 /* GeneralViewModel.swift in Sources */ = {isa = PBXBuildFile; fileRef = 290099A027A1F4960012F975 /* GeneralViewModel.swift */; };
		290099A327A1F7730012F975 /* FriendsViewModel.swift in Sources */ = {isa = PBXBuildFile; fileRef = 290099A227A1F7730012F975 /* FriendsViewModel.swift */; };
		290099A527A1F77C0012F975 /* ProfileViewModel.swift in Sources */ = {isa = PBXBuildFile; fileRef = 290099A427A1F77C0012F975 /* ProfileViewModel.swift */; };
		290099A727A1F7890012F975 /* SpecificChatViewModel.swift in Sources */ = {isa = PBXBuildFile; fileRef = 290099A627A1F7890012F975 /* SpecificChatViewModel.swift */; };
		290099A927A1F7930012F975 /* ChatsViewModel.swift in Sources */ = {isa = PBXBuildFile; fileRef = 290099A827A1F7930012F975 /* ChatsViewModel.swift */; };
		290099AD27A1F7BD0012F975 /* RegisterViewModel.swift in Sources */ = {isa = PBXBuildFile; fileRef = 290099AC27A1F7BD0012F975 /* RegisterViewModel.swift */; };
		2903ED3427B03E2A003B3B09 /* Extensions.swift in Sources */ = {isa = PBXBuildFile; fileRef = 2903ED3327B03E2A003B3B09 /* Extensions.swift */; };
		2907C490279DF521006E33A2 /* WelcomePageView.swift in Sources */ = {isa = PBXBuildFile; fileRef = 2907C48F279DF521006E33A2 /* WelcomePageView.swift */; };
		2907C492279DFF45006E33A2 /* LoginView.swift in Sources */ = {isa = PBXBuildFile; fileRef = 2907C491279DFF45006E33A2 /* LoginView.swift */; };
		2907C494279E01AE006E33A2 /* RegisterView.swift in Sources */ = {isa = PBXBuildFile; fileRef = 2907C493279E01AE006E33A2 /* RegisterView.swift */; };
		29145CD327A476D800B1D08B /* ProfileModel.swift in Sources */ = {isa = PBXBuildFile; fileRef = 29145CD227A476D800B1D08B /* ProfileModel.swift */; };
		29145CD627A48C9B00B1D08B /* LoginType.swift in Sources */ = {isa = PBXBuildFile; fileRef = 29145CD527A48C9B00B1D08B /* LoginType.swift */; };
		29145CD827A48CA400B1D08B /* UserType.swift in Sources */ = {isa = PBXBuildFile; fileRef = 29145CD727A48CA400B1D08B /* UserType.swift */; };
		2915946B27AB39FC003109B6 /* FriendsDelegate.swift in Sources */ = {isa = PBXBuildFile; fileRef = 2915946A27AB39FC003109B6 /* FriendsDelegate.swift */; };
		2915946D27AB416B003109B6 /* FriendType.swift in Sources */ = {isa = PBXBuildFile; fileRef = 2915946C27AB416B003109B6 /* FriendType.swift */; };
		2919B90127A20CD7002F925C /* GoogleService-Info.plist in Resources */ = {isa = PBXBuildFile; fileRef = 2919B90027A20CD7002F925C /* GoogleService-Info.plist */; };
		2928AEE8278F556600A45FC6 /* FriendsRowView.swift in Sources */ = {isa = PBXBuildFile; fileRef = 2928AEE7278F556600A45FC6 /* FriendsRowView.swift */; };
		2934EB91279CB776007DE589 /* CreateFriendView.swift in Sources */ = {isa = PBXBuildFile; fileRef = 2934EB90279CB776007DE589 /* CreateFriendView.swift */; };
		294170C727A9D6C5007860F0 /* FirebaseAnalytics in Frameworks */ = {isa = PBXBuildFile; productRef = 294170C627A9D6C5007860F0 /* FirebaseAnalytics */; };
		294170C927A9D6C5007860F0 /* FirebaseAnalyticsSwift-Beta in Frameworks */ = {isa = PBXBuildFile; productRef = 294170C827A9D6C5007860F0 /* FirebaseAnalyticsSwift-Beta */; };
		294170CB27A9D6C5007860F0 /* FirebaseAuth in Frameworks */ = {isa = PBXBuildFile; productRef = 294170CA27A9D6C5007860F0 /* FirebaseAuth */; };
		294170CD27A9D6C5007860F0 /* FirebaseAuthCombine-Community in Frameworks */ = {isa = PBXBuildFile; productRef = 294170CC27A9D6C5007860F0 /* FirebaseAuthCombine-Community */; };
		294170CF27A9D6C5007860F0 /* FirebaseFirestore in Frameworks */ = {isa = PBXBuildFile; productRef = 294170CE27A9D6C5007860F0 /* FirebaseFirestore */; };
		294170D127A9D6C5007860F0 /* FirebaseFirestoreCombine-Community in Frameworks */ = {isa = PBXBuildFile; productRef = 294170D027A9D6C5007860F0 /* FirebaseFirestoreCombine-Community */; };
		294170D327A9D6C5007860F0 /* FirebaseFirestoreSwift-Beta in Frameworks */ = {isa = PBXBuildFile; productRef = 294170D227A9D6C5007860F0 /* FirebaseFirestoreSwift-Beta */; };
		294170D527A9D6C5007860F0 /* FirebaseFunctions in Frameworks */ = {isa = PBXBuildFile; productRef = 294170D427A9D6C5007860F0 /* FirebaseFunctions */; };
		294170D727A9D6C5007860F0 /* FirebaseFunctionsCombine-Community in Frameworks */ = {isa = PBXBuildFile; productRef = 294170D627A9D6C5007860F0 /* FirebaseFunctionsCombine-Community */; };
		294170D927A9D6C5007860F0 /* FirebaseInAppMessaging-Beta in Frameworks */ = {isa = PBXBuildFile; productRef = 294170D827A9D6C5007860F0 /* FirebaseInAppMessaging-Beta */; };
		294170DB27A9D6C5007860F0 /* FirebaseInAppMessagingSwift-Beta in Frameworks */ = {isa = PBXBuildFile; productRef = 294170DA27A9D6C5007860F0 /* FirebaseInAppMessagingSwift-Beta */; };
		294170DD27A9D6C5007860F0 /* FirebaseMessaging in Frameworks */ = {isa = PBXBuildFile; productRef = 294170DC27A9D6C5007860F0 /* FirebaseMessaging */; };
		294170DF27A9D6C5007860F0 /* FirebaseStorage in Frameworks */ = {isa = PBXBuildFile; productRef = 294170DE27A9D6C5007860F0 /* FirebaseStorage */; };
		294170E127A9D6C5007860F0 /* FirebaseStorageCombine-Community in Frameworks */ = {isa = PBXBuildFile; productRef = 294170E027A9D6C5007860F0 /* FirebaseStorageCombine-Community */; };
		294170E327A9D6C5007860F0 /* FirebaseStorageSwift-Beta in Frameworks */ = {isa = PBXBuildFile; productRef = 294170E227A9D6C5007860F0 /* FirebaseStorageSwift-Beta */; };
		294170E527AA00A0007860F0 /* ContentModel.swift in Sources */ = {isa = PBXBuildFile; fileRef = 294170E427AA00A0007860F0 /* ContentModel.swift */; };
		294170E727AA00B6007860F0 /* ContentDelegate.swift in Sources */ = {isa = PBXBuildFile; fileRef = 294170E627AA00B6007860F0 /* ContentDelegate.swift */; };
		294803802794C5DB00C8D9F5 /* KeyboardAction.swift in Sources */ = {isa = PBXBuildFile; fileRef = 2948037F2794C5DB00C8D9F5 /* KeyboardAction.swift */; };
		2957C368279F615800364681 /* PhotoLibrary.swift in Sources */ = {isa = PBXBuildFile; fileRef = 2957C367279F615800364681 /* PhotoLibrary.swift */; };
		295FB6452790B3EF007AA467 /* ChatsRowView.swift in Sources */ = {isa = PBXBuildFile; fileRef = 295FB6442790B3EF007AA467 /* ChatsRowView.swift */; };
		295FB6472790BBE7007AA467 /* ContentView.swift in Sources */ = {isa = PBXBuildFile; fileRef = 295FB6462790BBE7007AA467 /* ContentView.swift */; };
		295FB6492790D9A2007AA467 /* SpecificChatRowView.swift in Sources */ = {isa = PBXBuildFile; fileRef = 295FB6482790D9A2007AA467 /* SpecificChatRowView.swift */; };
		295FB64D2790E018007AA467 /* ChatBubbleShape.swift in Sources */ = {isa = PBXBuildFile; fileRef = 295FB64C2790E018007AA467 /* ChatBubbleShape.swift */; };
		2988149A27B2E29300452821 /* FriendSelection.swift in Sources */ = {isa = PBXBuildFile; fileRef = 2988149927B2E29300452821 /* FriendSelection.swift */; };
		29BCB107279CC54800369F76 /* CreateChatView.swift in Sources */ = {isa = PBXBuildFile; fileRef = 29BCB106279CC54800369F76 /* CreateChatView.swift */; };
		29BCB109279CC63500369F76 /* CreateChatRowView.swift in Sources */ = {isa = PBXBuildFile; fileRef = 29BCB108279CC63500369F76 /* CreateChatRowView.swift */; };
		29C37347278E300B00E34242 /* MyChatApp.swift in Sources */ = {isa = PBXBuildFile; fileRef = 29C37346278E300B00E34242 /* MyChatApp.swift */; };
		29C37349278E300B00E34242 /* GeneralView.swift in Sources */ = {isa = PBXBuildFile; fileRef = 29C37348278E300B00E34242 /* GeneralView.swift */; };
		29C3734B278E300B00E34242 /* Assets.xcassets in Resources */ = {isa = PBXBuildFile; fileRef = 29C3734A278E300B00E34242 /* Assets.xcassets */; };
		29C3734E278E300B00E34242 /* Preview Assets.xcassets in Resources */ = {isa = PBXBuildFile; fileRef = 29C3734D278E300B00E34242 /* Preview Assets.xcassets */; };
		29C37359278E313A00E34242 /* FriendsView.swift in Sources */ = {isa = PBXBuildFile; fileRef = 29C37358278E313A00E34242 /* FriendsView.swift */; };
		29C3735D278E315300E34242 /* ProfileView.swift in Sources */ = {isa = PBXBuildFile; fileRef = 29C3735C278E315300E34242 /* ProfileView.swift */; };
		29C3735F278E318D00E34242 /* SpecificChatView.swift in Sources */ = {isa = PBXBuildFile; fileRef = 29C3735E278E318D00E34242 /* SpecificChatView.swift */; };
		29C37361278E31DE00E34242 /* ChatsView.swift in Sources */ = {isa = PBXBuildFile; fileRef = 29C37360278E31DE00E34242 /* ChatsView.swift */; };
		29C37365278E3ADA00E34242 /* TopBarView.swift in Sources */ = {isa = PBXBuildFile; fileRef = 29C37364278E3ADA00E34242 /* TopBarView.swift */; };
		29CA412727A3368500D5200D /* LoginDelegate.swift in Sources */ = {isa = PBXBuildFile; fileRef = 29CA412627A3368500D5200D /* LoginDelegate.swift */; };
		29CA412927A3369500D5200D /* RegisterModel.swift in Sources */ = {isa = PBXBuildFile; fileRef = 29CA412827A3369500D5200D /* RegisterModel.swift */; };
		29CA412B27A336A700D5200D /* RegisterDelegate.swift in Sources */ = {isa = PBXBuildFile; fileRef = 29CA412A27A336A700D5200D /* RegisterDelegate.swift */; };
		29CA412D27A351AA00D5200D /* LoginViewModel.swift in Sources */ = {isa = PBXBuildFile; fileRef = 29CA412C27A351AA00D5200D /* LoginViewModel.swift */; };
		29F1EF5B2798B36C009A6C8D /* FriendProfileView.swift in Sources */ = {isa = PBXBuildFile; fileRef = 29F1EF5A2798B36C009A6C8D /* FriendProfileView.swift */; };
		29F718042797626E000DEA71 /* BottomBarView.swift in Sources */ = {isa = PBXBuildFile; fileRef = 29F718032797626E000DEA71 /* BottomBarView.swift */; };
		29F97FFA27B4727E00F94B84 /* ChatSelection.swift in Sources */ = {isa = PBXBuildFile; fileRef = 29F97FF927B4727E00F94B84 /* ChatSelection.swift */; };
		29FF15FA27A6A75B00B62311 /* DocUserType.swift in Sources */ = {isa = PBXBuildFile; fileRef = 29FF15F927A6A75B00B62311 /* DocUserType.swift */; };
		29FF15FC27A6FFC000B62311 /* ProfileDelegate.swift in Sources */ = {isa = PBXBuildFile; fileRef = 29FF15FB27A6FFC000B62311 /* ProfileDelegate.swift */; };
/* End PBXBuildFile section */

/* Begin PBXFileReference section */
		2900999627A1A4820012F975 /* ContentViewModel.swift */ = {isa = PBXFileReference; lastKnownFileType = sourcecode.swift; path = ContentViewModel.swift; sourceTree = "<group>"; };
		2900999827A1B0E80012F975 /* LoginModel.swift */ = {isa = PBXFileReference; lastKnownFileType = sourcecode.swift; path = LoginModel.swift; sourceTree = "<group>"; };
		2900999A27A1B0F50012F975 /* FriendsModel.swift */ = {isa = PBXFileReference; lastKnownFileType = sourcecode.swift; path = FriendsModel.swift; sourceTree = "<group>"; };
		2900999C27A1B0FF0012F975 /* UserDefaultsModel.swift */ = {isa = PBXFileReference; lastKnownFileType = sourcecode.swift; path = UserDefaultsModel.swift; sourceTree = "<group>"; };
		2900999E27A1B85D0012F975 /* ChatsModel.swift */ = {isa = PBXFileReference; lastKnownFileType = sourcecode.swift; path = ChatsModel.swift; sourceTree = "<group>"; };
		290099A027A1F4960012F975 /* GeneralViewModel.swift */ = {isa = PBXFileReference; lastKnownFileType = sourcecode.swift; path = GeneralViewModel.swift; sourceTree = "<group>"; };
		290099A227A1F7730012F975 /* FriendsViewModel.swift */ = {isa = PBXFileReference; lastKnownFileType = sourcecode.swift; path = FriendsViewModel.swift; sourceTree = "<group>"; };
		290099A427A1F77C0012F975 /* ProfileViewModel.swift */ = {isa = PBXFileReference; lastKnownFileType = sourcecode.swift; path = ProfileViewModel.swift; sourceTree = "<group>"; };
		290099A627A1F7890012F975 /* SpecificChatViewModel.swift */ = {isa = PBXFileReference; lastKnownFileType = sourcecode.swift; path = SpecificChatViewModel.swift; sourceTree = "<group>"; };
		290099A827A1F7930012F975 /* ChatsViewModel.swift */ = {isa = PBXFileReference; lastKnownFileType = sourcecode.swift; path = ChatsViewModel.swift; sourceTree = "<group>"; };
		290099AC27A1F7BD0012F975 /* RegisterViewModel.swift */ = {isa = PBXFileReference; lastKnownFileType = sourcecode.swift; path = RegisterViewModel.swift; sourceTree = "<group>"; };
		2903ED3327B03E2A003B3B09 /* Extensions.swift */ = {isa = PBXFileReference; lastKnownFileType = sourcecode.swift; path = Extensions.swift; sourceTree = "<group>"; };
		2907C48F279DF521006E33A2 /* WelcomePageView.swift */ = {isa = PBXFileReference; lastKnownFileType = sourcecode.swift; path = WelcomePageView.swift; sourceTree = "<group>"; };
		2907C491279DFF45006E33A2 /* LoginView.swift */ = {isa = PBXFileReference; lastKnownFileType = sourcecode.swift; path = LoginView.swift; sourceTree = "<group>"; };
		2907C493279E01AE006E33A2 /* RegisterView.swift */ = {isa = PBXFileReference; lastKnownFileType = sourcecode.swift; path = RegisterView.swift; sourceTree = "<group>"; };
		29145CD227A476D800B1D08B /* ProfileModel.swift */ = {isa = PBXFileReference; lastKnownFileType = sourcecode.swift; path = ProfileModel.swift; sourceTree = "<group>"; };
		29145CD527A48C9B00B1D08B /* LoginType.swift */ = {isa = PBXFileReference; lastKnownFileType = sourcecode.swift; path = LoginType.swift; sourceTree = "<group>"; };
		29145CD727A48CA400B1D08B /* UserType.swift */ = {isa = PBXFileReference; lastKnownFileType = sourcecode.swift; path = UserType.swift; sourceTree = "<group>"; };
		2915946A27AB39FC003109B6 /* FriendsDelegate.swift */ = {isa = PBXFileReference; lastKnownFileType = sourcecode.swift; path = FriendsDelegate.swift; sourceTree = "<group>"; };
		2915946C27AB416B003109B6 /* FriendType.swift */ = {isa = PBXFileReference; lastKnownFileType = sourcecode.swift; path = FriendType.swift; sourceTree = "<group>"; };
		2919B90027A20CD7002F925C /* GoogleService-Info.plist */ = {isa = PBXFileReference; fileEncoding = 4; lastKnownFileType = text.plist.xml; name = "GoogleService-Info.plist"; path = "../../../Downloads/GoogleService-Info.plist"; sourceTree = "<group>"; };
		2928AEE7278F556600A45FC6 /* FriendsRowView.swift */ = {isa = PBXFileReference; lastKnownFileType = sourcecode.swift; path = FriendsRowView.swift; sourceTree = "<group>"; };
		2934EB90279CB776007DE589 /* CreateFriendView.swift */ = {isa = PBXFileReference; lastKnownFileType = sourcecode.swift; path = CreateFriendView.swift; sourceTree = "<group>"; };
		294170E427AA00A0007860F0 /* ContentModel.swift */ = {isa = PBXFileReference; lastKnownFileType = sourcecode.swift; path = ContentModel.swift; sourceTree = "<group>"; };
		294170E627AA00B6007860F0 /* ContentDelegate.swift */ = {isa = PBXFileReference; lastKnownFileType = sourcecode.swift; path = ContentDelegate.swift; sourceTree = "<group>"; };
		2948037F2794C5DB00C8D9F5 /* KeyboardAction.swift */ = {isa = PBXFileReference; lastKnownFileType = sourcecode.swift; path = KeyboardAction.swift; sourceTree = "<group>"; };
		2957C366279F529900364681 /* Info.plist */ = {isa = PBXFileReference; lastKnownFileType = text.plist; path = Info.plist; sourceTree = "<group>"; };
		2957C367279F615800364681 /* PhotoLibrary.swift */ = {isa = PBXFileReference; lastKnownFileType = sourcecode.swift; path = PhotoLibrary.swift; sourceTree = "<group>"; };
		295FB6442790B3EF007AA467 /* ChatsRowView.swift */ = {isa = PBXFileReference; lastKnownFileType = sourcecode.swift; path = ChatsRowView.swift; sourceTree = "<group>"; };
		295FB6462790BBE7007AA467 /* ContentView.swift */ = {isa = PBXFileReference; lastKnownFileType = sourcecode.swift; path = ContentView.swift; sourceTree = "<group>"; };
		295FB6482790D9A2007AA467 /* SpecificChatRowView.swift */ = {isa = PBXFileReference; lastKnownFileType = sourcecode.swift; path = SpecificChatRowView.swift; sourceTree = "<group>"; };
		295FB64C2790E018007AA467 /* ChatBubbleShape.swift */ = {isa = PBXFileReference; lastKnownFileType = sourcecode.swift; path = ChatBubbleShape.swift; sourceTree = "<group>"; };
		2988149927B2E29300452821 /* FriendSelection.swift */ = {isa = PBXFileReference; lastKnownFileType = sourcecode.swift; path = FriendSelection.swift; sourceTree = "<group>"; };
		29BCB106279CC54800369F76 /* CreateChatView.swift */ = {isa = PBXFileReference; lastKnownFileType = sourcecode.swift; path = CreateChatView.swift; sourceTree = "<group>"; };
		29BCB108279CC63500369F76 /* CreateChatRowView.swift */ = {isa = PBXFileReference; lastKnownFileType = sourcecode.swift; path = CreateChatRowView.swift; sourceTree = "<group>"; };
		29C37343278E300B00E34242 /* MyChat.app */ = {isa = PBXFileReference; explicitFileType = wrapper.application; includeInIndex = 0; path = MyChat.app; sourceTree = BUILT_PRODUCTS_DIR; };
		29C37346278E300B00E34242 /* MyChatApp.swift */ = {isa = PBXFileReference; lastKnownFileType = sourcecode.swift; path = MyChatApp.swift; sourceTree = "<group>"; };
		29C37348278E300B00E34242 /* GeneralView.swift */ = {isa = PBXFileReference; lastKnownFileType = sourcecode.swift; path = GeneralView.swift; sourceTree = "<group>"; };
		29C3734A278E300B00E34242 /* Assets.xcassets */ = {isa = PBXFileReference; lastKnownFileType = folder.assetcatalog; path = Assets.xcassets; sourceTree = "<group>"; };
		29C3734D278E300B00E34242 /* Preview Assets.xcassets */ = {isa = PBXFileReference; lastKnownFileType = folder.assetcatalog; path = "Preview Assets.xcassets"; sourceTree = "<group>"; };
		29C37358278E313A00E34242 /* FriendsView.swift */ = {isa = PBXFileReference; lastKnownFileType = sourcecode.swift; path = FriendsView.swift; sourceTree = "<group>"; };
		29C3735C278E315300E34242 /* ProfileView.swift */ = {isa = PBXFileReference; lastKnownFileType = sourcecode.swift; path = ProfileView.swift; sourceTree = "<group>"; };
		29C3735E278E318D00E34242 /* SpecificChatView.swift */ = {isa = PBXFileReference; lastKnownFileType = sourcecode.swift; path = SpecificChatView.swift; sourceTree = "<group>"; };
		29C37360278E31DE00E34242 /* ChatsView.swift */ = {isa = PBXFileReference; lastKnownFileType = sourcecode.swift; path = ChatsView.swift; sourceTree = "<group>"; };
		29C37364278E3ADA00E34242 /* TopBarView.swift */ = {isa = PBXFileReference; lastKnownFileType = sourcecode.swift; path = TopBarView.swift; sourceTree = "<group>"; };
		29CA412627A3368500D5200D /* LoginDelegate.swift */ = {isa = PBXFileReference; lastKnownFileType = sourcecode.swift; path = LoginDelegate.swift; sourceTree = "<group>"; };
		29CA412827A3369500D5200D /* RegisterModel.swift */ = {isa = PBXFileReference; lastKnownFileType = sourcecode.swift; path = RegisterModel.swift; sourceTree = "<group>"; };
		29CA412A27A336A700D5200D /* RegisterDelegate.swift */ = {isa = PBXFileReference; lastKnownFileType = sourcecode.swift; path = RegisterDelegate.swift; sourceTree = "<group>"; };
		29CA412C27A351AA00D5200D /* LoginViewModel.swift */ = {isa = PBXFileReference; lastKnownFileType = sourcecode.swift; path = LoginViewModel.swift; sourceTree = "<group>"; };
		29F1EF5A2798B36C009A6C8D /* FriendProfileView.swift */ = {isa = PBXFileReference; lastKnownFileType = sourcecode.swift; path = FriendProfileView.swift; sourceTree = "<group>"; };
		29F718032797626E000DEA71 /* BottomBarView.swift */ = {isa = PBXFileReference; lastKnownFileType = sourcecode.swift; path = BottomBarView.swift; sourceTree = "<group>"; };
		29F97FF927B4727E00F94B84 /* ChatSelection.swift */ = {isa = PBXFileReference; lastKnownFileType = sourcecode.swift; path = ChatSelection.swift; sourceTree = "<group>"; };
		29FF15F927A6A75B00B62311 /* DocUserType.swift */ = {isa = PBXFileReference; lastKnownFileType = sourcecode.swift; path = DocUserType.swift; sourceTree = "<group>"; };
		29FF15FB27A6FFC000B62311 /* ProfileDelegate.swift */ = {isa = PBXFileReference; lastKnownFileType = sourcecode.swift; path = ProfileDelegate.swift; sourceTree = "<group>"; };
/* End PBXFileReference section */

/* Begin PBXFrameworksBuildPhase section */
		29C37340278E300B00E34242 /* Frameworks */ = {
			isa = PBXFrameworksBuildPhase;
			buildActionMask = 2147483647;
			files = (
				294170DD27A9D6C5007860F0 /* FirebaseMessaging in Frameworks */,
				294170DB27A9D6C5007860F0 /* FirebaseInAppMessagingSwift-Beta in Frameworks */,
				294170C927A9D6C5007860F0 /* FirebaseAnalyticsSwift-Beta in Frameworks */,
				294170CB27A9D6C5007860F0 /* FirebaseAuth in Frameworks */,
				294170D727A9D6C5007860F0 /* FirebaseFunctionsCombine-Community in Frameworks */,
				294170E327A9D6C5007860F0 /* FirebaseStorageSwift-Beta in Frameworks */,
				294170D327A9D6C5007860F0 /* FirebaseFirestoreSwift-Beta in Frameworks */,
				294170D527A9D6C5007860F0 /* FirebaseFunctions in Frameworks */,
				294170C727A9D6C5007860F0 /* FirebaseAnalytics in Frameworks */,
				294170E127A9D6C5007860F0 /* FirebaseStorageCombine-Community in Frameworks */,
				294170DF27A9D6C5007860F0 /* FirebaseStorage in Frameworks */,
				294170D127A9D6C5007860F0 /* FirebaseFirestoreCombine-Community in Frameworks */,
				294170CF27A9D6C5007860F0 /* FirebaseFirestore in Frameworks */,
				294170CD27A9D6C5007860F0 /* FirebaseAuthCombine-Community in Frameworks */,
				294170D927A9D6C5007860F0 /* FirebaseInAppMessaging-Beta in Frameworks */,
			);
			runOnlyForDeploymentPostprocessing = 0;
		};
/* End PBXFrameworksBuildPhase section */

/* Begin PBXGroup section */
		2903ED3227B03E0E003B3B09 /* ModelHelper */ = {
			isa = PBXGroup;
			children = (
				2903ED3327B03E2A003B3B09 /* Extensions.swift */,
			);
			path = ModelHelper;
			sourceTree = "<group>";
		};
		29145CD427A48C6F00B1D08B /* CommonDataType */ = {
			isa = PBXGroup;
			children = (
				29145CD527A48C9B00B1D08B /* LoginType.swift */,
				29145CD727A48CA400B1D08B /* UserType.swift */,
				2915946C27AB416B003109B6 /* FriendType.swift */,
			);
			path = CommonDataType;
			sourceTree = "<group>";
		};
		29C3733A278E300B00E34242 = {
			isa = PBXGroup;
			children = (
				29C37345278E300B00E34242 /* MyChat */,
				29C37344278E300B00E34242 /* Products */,
			);
			sourceTree = "<group>";
		};
		29C37344278E300B00E34242 /* Products */ = {
			isa = PBXGroup;
			children = (
				29C37343278E300B00E34242 /* MyChat.app */,
			);
			name = Products;
			sourceTree = "<group>";
		};
		29C37345278E300B00E34242 /* MyChat */ = {
			isa = PBXGroup;
			children = (
				2957C366279F529900364681 /* Info.plist */,
				2919B90027A20CD7002F925C /* GoogleService-Info.plist */,
				29C3734C278E300B00E34242 /* Preview Content */,
				29C37346278E300B00E34242 /* MyChatApp.swift */,
				29C3734A278E300B00E34242 /* Assets.xcassets */,
				29145CD427A48C6F00B1D08B /* CommonDataType */,
				29C37362278E3A7B00E34242 /* Model */,
				29C37354278E302200E34242 /* View */,
				29C37363278E3A8100E34242 /* ViewModel */,
			);
			path = MyChat;
			sourceTree = "<group>";
		};
		29C3734C278E300B00E34242 /* Preview Content */ = {
			isa = PBXGroup;
			children = (
				29C3734D278E300B00E34242 /* Preview Assets.xcassets */,
			);
			path = "Preview Content";
			sourceTree = "<group>";
		};
		29C37354278E302200E34242 /* View */ = {
			isa = PBXGroup;
			children = (
				29C37357278E310400E34242 /* ViewHelper */,
				29C37356278E307E00E34242 /* ReusableView */,
				29C37355278E302C00E34242 /* ScreenView */,
			);
			path = View;
			sourceTree = "<group>";
		};
		29C37355278E302C00E34242 /* ScreenView */ = {
			isa = PBXGroup;
			children = (
				295FB6462790BBE7007AA467 /* ContentView.swift */,
				29C37348278E300B00E34242 /* GeneralView.swift */,
				29C37358278E313A00E34242 /* FriendsView.swift */,
				29C3735C278E315300E34242 /* ProfileView.swift */,
				29C37360278E31DE00E34242 /* ChatsView.swift */,
				29C3735E278E318D00E34242 /* SpecificChatView.swift */,
				29F1EF5A2798B36C009A6C8D /* FriendProfileView.swift */,
				2934EB90279CB776007DE589 /* CreateFriendView.swift */,
				29BCB106279CC54800369F76 /* CreateChatView.swift */,
				2907C48F279DF521006E33A2 /* WelcomePageView.swift */,
				2907C491279DFF45006E33A2 /* LoginView.swift */,
				2907C493279E01AE006E33A2 /* RegisterView.swift */,
			);
			path = ScreenView;
			sourceTree = "<group>";
		};
		29C37356278E307E00E34242 /* ReusableView */ = {
			isa = PBXGroup;
			children = (
				29C37364278E3ADA00E34242 /* TopBarView.swift */,
				2928AEE7278F556600A45FC6 /* FriendsRowView.swift */,
				295FB6442790B3EF007AA467 /* ChatsRowView.swift */,
				295FB6482790D9A2007AA467 /* SpecificChatRowView.swift */,
				29F718032797626E000DEA71 /* BottomBarView.swift */,
				29BCB108279CC63500369F76 /* CreateChatRowView.swift */,
			);
			path = ReusableView;
			sourceTree = "<group>";
		};
		29C37357278E310400E34242 /* ViewHelper */ = {
			isa = PBXGroup;
			children = (
				2988149927B2E29300452821 /* FriendSelection.swift */,
				29F97FF927B4727E00F94B84 /* ChatSelection.swift */,
				295FB64C2790E018007AA467 /* ChatBubbleShape.swift */,
				2948037F2794C5DB00C8D9F5 /* KeyboardAction.swift */,
				2957C367279F615800364681 /* PhotoLibrary.swift */,
			);
			path = ViewHelper;
			sourceTree = "<group>";
		};
		29C37362278E3A7B00E34242 /* Model */ = {
			isa = PBXGroup;
			children = (
				2900999C27A1B0FF0012F975 /* UserDefaultsModel.swift */,
				294170E427AA00A0007860F0 /* ContentModel.swift */,
				2900999827A1B0E80012F975 /* LoginModel.swift */,
				29CA412827A3369500D5200D /* RegisterModel.swift */,
				2900999A27A1B0F50012F975 /* FriendsModel.swift */,
				29145CD227A476D800B1D08B /* ProfileModel.swift */,
				2900999E27A1B85D0012F975 /* ChatsModel.swift */,
				29FF15F827A67B8F00B62311 /* ModelDataType */,
				2903ED3227B03E0E003B3B09 /* ModelHelper */,
			);
			path = Model;
			sourceTree = "<group>";
		};
		29C37363278E3A8100E34242 /* ViewModel */ = {
			isa = PBXGroup;
			children = (
				2900999627A1A4820012F975 /* ContentViewModel.swift */,
				290099A027A1F4960012F975 /* GeneralViewModel.swift */,
				290099A227A1F7730012F975 /* FriendsViewModel.swift */,
				290099A427A1F77C0012F975 /* ProfileViewModel.swift */,
				290099A827A1F7930012F975 /* ChatsViewModel.swift */,
				290099A627A1F7890012F975 /* SpecificChatViewModel.swift */,
				29CA412C27A351AA00D5200D /* LoginViewModel.swift */,
				290099AC27A1F7BD0012F975 /* RegisterViewModel.swift */,
				29CA412527A3330900D5200D /* ViewModelDelegate */,
			);
			path = ViewModel;
			sourceTree = "<group>";
		};
		29CA412527A3330900D5200D /* ViewModelDelegate */ = {
			isa = PBXGroup;
			children = (
				294170E627AA00B6007860F0 /* ContentDelegate.swift */,
				29CA412627A3368500D5200D /* LoginDelegate.swift */,
				29CA412A27A336A700D5200D /* RegisterDelegate.swift */,
				29FF15FB27A6FFC000B62311 /* ProfileDelegate.swift */,
				2915946A27AB39FC003109B6 /* FriendsDelegate.swift */,
			);
			path = ViewModelDelegate;
			sourceTree = "<group>";
		};
		29FF15F827A67B8F00B62311 /* ModelDataType */ = {
			isa = PBXGroup;
			children = (
				29FF15F927A6A75B00B62311 /* DocUserType.swift */,
			);
			path = ModelDataType;
			sourceTree = "<group>";
		};
/* End PBXGroup section */

/* Begin PBXNativeTarget section */
		29C37342278E300B00E34242 /* MyChat */ = {
			isa = PBXNativeTarget;
			buildConfigurationList = 29C37351278E300B00E34242 /* Build configuration list for PBXNativeTarget "MyChat" */;
			buildPhases = (
				29C3733F278E300B00E34242 /* Sources */,
				29C37340278E300B00E34242 /* Frameworks */,
				29C37341278E300B00E34242 /* Resources */,
			);
			buildRules = (
			);
			dependencies = (
			);
			name = MyChat;
			packageProductDependencies = (
				294170C627A9D6C5007860F0 /* FirebaseAnalytics */,
				294170C827A9D6C5007860F0 /* FirebaseAnalyticsSwift-Beta */,
				294170CA27A9D6C5007860F0 /* FirebaseAuth */,
				294170CC27A9D6C5007860F0 /* FirebaseAuthCombine-Community */,
				294170CE27A9D6C5007860F0 /* FirebaseFirestore */,
				294170D027A9D6C5007860F0 /* FirebaseFirestoreCombine-Community */,
				294170D227A9D6C5007860F0 /* FirebaseFirestoreSwift-Beta */,
				294170D427A9D6C5007860F0 /* FirebaseFunctions */,
				294170D627A9D6C5007860F0 /* FirebaseFunctionsCombine-Community */,
				294170D827A9D6C5007860F0 /* FirebaseInAppMessaging-Beta */,
				294170DA27A9D6C5007860F0 /* FirebaseInAppMessagingSwift-Beta */,
				294170DC27A9D6C5007860F0 /* FirebaseMessaging */,
				294170DE27A9D6C5007860F0 /* FirebaseStorage */,
				294170E027A9D6C5007860F0 /* FirebaseStorageCombine-Community */,
				294170E227A9D6C5007860F0 /* FirebaseStorageSwift-Beta */,
			);
			productName = MyChat;
			productReference = 29C37343278E300B00E34242 /* MyChat.app */;
			productType = "com.apple.product-type.application";
		};
/* End PBXNativeTarget section */

/* Begin PBXProject section */
		29C3733B278E300B00E34242 /* Project object */ = {
			isa = PBXProject;
			attributes = {
				BuildIndependentTargetsInParallel = 1;
				LastSwiftUpdateCheck = 1320;
				LastUpgradeCheck = 1320;
				TargetAttributes = {
					29C37342278E300B00E34242 = {
						CreatedOnToolsVersion = 13.2;
					};
				};
			};
			buildConfigurationList = 29C3733E278E300B00E34242 /* Build configuration list for PBXProject "MyChat" */;
			compatibilityVersion = "Xcode 13.0";
			developmentRegion = en;
			hasScannedForEncodings = 0;
			knownRegions = (
				en,
				Base,
			);
			mainGroup = 29C3733A278E300B00E34242;
			packageReferences = (
				294170C527A9D6C5007860F0 /* XCRemoteSwiftPackageReference "firebase-ios-sdk" */,
			);
			productRefGroup = 29C37344278E300B00E34242 /* Products */;
			projectDirPath = "";
			projectRoot = "";
			targets = (
				29C37342278E300B00E34242 /* MyChat */,
			);
		};
/* End PBXProject section */

/* Begin PBXResourcesBuildPhase section */
		29C37341278E300B00E34242 /* Resources */ = {
			isa = PBXResourcesBuildPhase;
			buildActionMask = 2147483647;
			files = (
				29C3734E278E300B00E34242 /* Preview Assets.xcassets in Resources */,
				29C3734B278E300B00E34242 /* Assets.xcassets in Resources */,
				2919B90127A20CD7002F925C /* GoogleService-Info.plist in Resources */,
			);
			runOnlyForDeploymentPostprocessing = 0;
		};
/* End PBXResourcesBuildPhase section */

/* Begin PBXSourcesBuildPhase section */
		29C3733F278E300B00E34242 /* Sources */ = {
			isa = PBXSourcesBuildPhase;
			buildActionMask = 2147483647;
			files = (
				295FB6492790D9A2007AA467 /* SpecificChatRowView.swift in Sources */,
				295FB64D2790E018007AA467 /* ChatBubbleShape.swift in Sources */,
				29C37359278E313A00E34242 /* FriendsView.swift in Sources */,
				2907C494279E01AE006E33A2 /* RegisterView.swift in Sources */,
				294170E527AA00A0007860F0 /* ContentModel.swift in Sources */,
				29BCB107279CC54800369F76 /* CreateChatView.swift in Sources */,
				29FF15FC27A6FFC000B62311 /* ProfileDelegate.swift in Sources */,
				29C3735D278E315300E34242 /* ProfileView.swift in Sources */,
				2957C368279F615800364681 /* PhotoLibrary.swift in Sources */,
				29CA412927A3369500D5200D /* RegisterModel.swift in Sources */,
				290099A327A1F7730012F975 /* FriendsViewModel.swift in Sources */,
				290099AD27A1F7BD0012F975 /* RegisterViewModel.swift in Sources */,
				29C37361278E31DE00E34242 /* ChatsView.swift in Sources */,
				2907C490279DF521006E33A2 /* WelcomePageView.swift in Sources */,
				29F718042797626E000DEA71 /* BottomBarView.swift in Sources */,
				2900999B27A1B0F50012F975 /* FriendsModel.swift in Sources */,
				290099A127A1F4960012F975 /* GeneralViewModel.swift in Sources */,
				2900999F27A1B85D0012F975 /* ChatsModel.swift in Sources */,
				29145CD627A48C9B00B1D08B /* LoginType.swift in Sources */,
				290099A927A1F7930012F975 /* ChatsViewModel.swift in Sources */,
				29CA412727A3368500D5200D /* LoginDelegate.swift in Sources */,
				29F97FFA27B4727E00F94B84 /* ChatSelection.swift in Sources */,
				294170E727AA00B6007860F0 /* ContentDelegate.swift in Sources */,
				295FB6452790B3EF007AA467 /* ChatsRowView.swift in Sources */,
				29CA412B27A336A700D5200D /* RegisterDelegate.swift in Sources */,
				29C3735F278E318D00E34242 /* SpecificChatView.swift in Sources */,
				2900999727A1A4820012F975 /* ContentViewModel.swift in Sources */,
				29FF15FA27A6A75B00B62311 /* DocUserType.swift in Sources */,
				2900999D27A1B0FF0012F975 /* UserDefaultsModel.swift in Sources */,
				29145CD327A476D800B1D08B /* ProfileModel.swift in Sources */,
				2900999927A1B0E80012F975 /* LoginModel.swift in Sources */,
				2915946D27AB416B003109B6 /* FriendType.swift in Sources */,
				29145CD827A48CA400B1D08B /* UserType.swift in Sources */,
				2903ED3427B03E2A003B3B09 /* Extensions.swift in Sources */,
				290099A727A1F7890012F975 /* SpecificChatViewModel.swift in Sources */,
				2934EB91279CB776007DE589 /* CreateFriendView.swift in Sources */,
				294803802794C5DB00C8D9F5 /* KeyboardAction.swift in Sources */,
				29C37365278E3ADA00E34242 /* TopBarView.swift in Sources */,
				295FB6472790BBE7007AA467 /* ContentView.swift in Sources */,
				29CA412D27A351AA00D5200D /* LoginViewModel.swift in Sources */,
				2915946B27AB39FC003109B6 /* FriendsDelegate.swift in Sources */,
				29BCB109279CC63500369F76 /* CreateChatRowView.swift in Sources */,
				290099A527A1F77C0012F975 /* ProfileViewModel.swift in Sources */,
				2928AEE8278F556600A45FC6 /* FriendsRowView.swift in Sources */,
				29C37349278E300B00E34242 /* GeneralView.swift in Sources */,
				29C37347278E300B00E34242 /* MyChatApp.swift in Sources */,
				2907C492279DFF45006E33A2 /* LoginView.swift in Sources */,
				2988149A27B2E29300452821 /* FriendSelection.swift in Sources */,
				29F1EF5B2798B36C009A6C8D /* FriendProfileView.swift in Sources */,
			);
			runOnlyForDeploymentPostprocessing = 0;
		};
/* End PBXSourcesBuildPhase section */

/* Begin XCBuildConfiguration section */
		29C3734F278E300B00E34242 /* Debug */ = {
			isa = XCBuildConfiguration;
			buildSettings = {
				ALWAYS_SEARCH_USER_PATHS = NO;
				CLANG_ANALYZER_NONNULL = YES;
				CLANG_ANALYZER_NUMBER_OBJECT_CONVERSION = YES_AGGRESSIVE;
				CLANG_CXX_LANGUAGE_STANDARD = "gnu++17";
				CLANG_CXX_LIBRARY = "libc++";
				CLANG_ENABLE_MODULES = YES;
				CLANG_ENABLE_OBJC_ARC = YES;
				CLANG_ENABLE_OBJC_WEAK = YES;
				CLANG_WARN_BLOCK_CAPTURE_AUTORELEASING = YES;
				CLANG_WARN_BOOL_CONVERSION = YES;
				CLANG_WARN_COMMA = YES;
				CLANG_WARN_CONSTANT_CONVERSION = YES;
				CLANG_WARN_DEPRECATED_OBJC_IMPLEMENTATIONS = YES;
				CLANG_WARN_DIRECT_OBJC_ISA_USAGE = YES_ERROR;
				CLANG_WARN_DOCUMENTATION_COMMENTS = YES;
				CLANG_WARN_EMPTY_BODY = YES;
				CLANG_WARN_ENUM_CONVERSION = YES;
				CLANG_WARN_INFINITE_RECURSION = YES;
				CLANG_WARN_INT_CONVERSION = YES;
				CLANG_WARN_NON_LITERAL_NULL_CONVERSION = YES;
				CLANG_WARN_OBJC_IMPLICIT_RETAIN_SELF = YES;
				CLANG_WARN_OBJC_LITERAL_CONVERSION = YES;
				CLANG_WARN_OBJC_ROOT_CLASS = YES_ERROR;
				CLANG_WARN_QUOTED_INCLUDE_IN_FRAMEWORK_HEADER = YES;
				CLANG_WARN_RANGE_LOOP_ANALYSIS = YES;
				CLANG_WARN_STRICT_PROTOTYPES = YES;
				CLANG_WARN_SUSPICIOUS_MOVE = YES;
				CLANG_WARN_UNGUARDED_AVAILABILITY = YES_AGGRESSIVE;
				CLANG_WARN_UNREACHABLE_CODE = YES;
				CLANG_WARN__DUPLICATE_METHOD_MATCH = YES;
				COPY_PHASE_STRIP = NO;
				DEBUG_INFORMATION_FORMAT = dwarf;
				ENABLE_STRICT_OBJC_MSGSEND = YES;
				ENABLE_TESTABILITY = YES;
				GCC_C_LANGUAGE_STANDARD = gnu11;
				GCC_DYNAMIC_NO_PIC = NO;
				GCC_NO_COMMON_BLOCKS = YES;
				GCC_OPTIMIZATION_LEVEL = 0;
				GCC_PREPROCESSOR_DEFINITIONS = (
					"DEBUG=1",
					"$(inherited)",
				);
				GCC_WARN_64_TO_32_BIT_CONVERSION = YES;
				GCC_WARN_ABOUT_RETURN_TYPE = YES_ERROR;
				GCC_WARN_UNDECLARED_SELECTOR = YES;
				GCC_WARN_UNINITIALIZED_AUTOS = YES_AGGRESSIVE;
				GCC_WARN_UNUSED_FUNCTION = YES;
				GCC_WARN_UNUSED_VARIABLE = YES;
				IPHONEOS_DEPLOYMENT_TARGET = 15.2;
				MTL_ENABLE_DEBUG_INFO = INCLUDE_SOURCE;
				MTL_FAST_MATH = YES;
				ONLY_ACTIVE_ARCH = YES;
				SDKROOT = iphoneos;
				SWIFT_ACTIVE_COMPILATION_CONDITIONS = DEBUG;
				SWIFT_OPTIMIZATION_LEVEL = "-Onone";
			};
			name = Debug;
		};
		29C37350278E300B00E34242 /* Release */ = {
			isa = XCBuildConfiguration;
			buildSettings = {
				ALWAYS_SEARCH_USER_PATHS = NO;
				CLANG_ANALYZER_NONNULL = YES;
				CLANG_ANALYZER_NUMBER_OBJECT_CONVERSION = YES_AGGRESSIVE;
				CLANG_CXX_LANGUAGE_STANDARD = "gnu++17";
				CLANG_CXX_LIBRARY = "libc++";
				CLANG_ENABLE_MODULES = YES;
				CLANG_ENABLE_OBJC_ARC = YES;
				CLANG_ENABLE_OBJC_WEAK = YES;
				CLANG_WARN_BLOCK_CAPTURE_AUTORELEASING = YES;
				CLANG_WARN_BOOL_CONVERSION = YES;
				CLANG_WARN_COMMA = YES;
				CLANG_WARN_CONSTANT_CONVERSION = YES;
				CLANG_WARN_DEPRECATED_OBJC_IMPLEMENTATIONS = YES;
				CLANG_WARN_DIRECT_OBJC_ISA_USAGE = YES_ERROR;
				CLANG_WARN_DOCUMENTATION_COMMENTS = YES;
				CLANG_WARN_EMPTY_BODY = YES;
				CLANG_WARN_ENUM_CONVERSION = YES;
				CLANG_WARN_INFINITE_RECURSION = YES;
				CLANG_WARN_INT_CONVERSION = YES;
				CLANG_WARN_NON_LITERAL_NULL_CONVERSION = YES;
				CLANG_WARN_OBJC_IMPLICIT_RETAIN_SELF = YES;
				CLANG_WARN_OBJC_LITERAL_CONVERSION = YES;
				CLANG_WARN_OBJC_ROOT_CLASS = YES_ERROR;
				CLANG_WARN_QUOTED_INCLUDE_IN_FRAMEWORK_HEADER = YES;
				CLANG_WARN_RANGE_LOOP_ANALYSIS = YES;
				CLANG_WARN_STRICT_PROTOTYPES = YES;
				CLANG_WARN_SUSPICIOUS_MOVE = YES;
				CLANG_WARN_UNGUARDED_AVAILABILITY = YES_AGGRESSIVE;
				CLANG_WARN_UNREACHABLE_CODE = YES;
				CLANG_WARN__DUPLICATE_METHOD_MATCH = YES;
				COPY_PHASE_STRIP = NO;
				DEBUG_INFORMATION_FORMAT = "dwarf-with-dsym";
				ENABLE_NS_ASSERTIONS = NO;
				ENABLE_STRICT_OBJC_MSGSEND = YES;
				GCC_C_LANGUAGE_STANDARD = gnu11;
				GCC_NO_COMMON_BLOCKS = YES;
				GCC_WARN_64_TO_32_BIT_CONVERSION = YES;
				GCC_WARN_ABOUT_RETURN_TYPE = YES_ERROR;
				GCC_WARN_UNDECLARED_SELECTOR = YES;
				GCC_WARN_UNINITIALIZED_AUTOS = YES_AGGRESSIVE;
				GCC_WARN_UNUSED_FUNCTION = YES;
				GCC_WARN_UNUSED_VARIABLE = YES;
				IPHONEOS_DEPLOYMENT_TARGET = 15.2;
				MTL_ENABLE_DEBUG_INFO = NO;
				MTL_FAST_MATH = YES;
				SDKROOT = iphoneos;
				SWIFT_COMPILATION_MODE = wholemodule;
				SWIFT_OPTIMIZATION_LEVEL = "-O";
				VALIDATE_PRODUCT = YES;
			};
			name = Release;
		};
		29C37352278E300B00E34242 /* Debug */ = {
			isa = XCBuildConfiguration;
			buildSettings = {
				ASSETCATALOG_COMPILER_APPICON_NAME = AppIcon;
				ASSETCATALOG_COMPILER_GLOBAL_ACCENT_COLOR_NAME = AccentColor;
				CODE_SIGN_STYLE = Automatic;
				CURRENT_PROJECT_VERSION = 1;
				DEVELOPMENT_ASSET_PATHS = "\"MyChat/Preview Content\"";
				ENABLE_PREVIEWS = YES;
				GENERATE_INFOPLIST_FILE = YES;
				INFOPLIST_FILE = MyChat/Info.plist;
				INFOPLIST_KEY_NSPhotoLibraryUsageDescription = "MyChat wants to reach your photos in order to set your profile pictıre.";
				INFOPLIST_KEY_UIApplicationSceneManifest_Generation = YES;
				INFOPLIST_KEY_UIApplicationSupportsIndirectInputEvents = YES;
				INFOPLIST_KEY_UILaunchScreen_Generation = YES;
				INFOPLIST_KEY_UISupportedInterfaceOrientations = UIInterfaceOrientationPortrait;
				INFOPLIST_KEY_UISupportedInterfaceOrientations_iPad = "UIInterfaceOrientationPortrait UIInterfaceOrientationPortraitUpsideDown UIInterfaceOrientationLandscapeLeft UIInterfaceOrientationLandscapeRight";
				INFOPLIST_KEY_UISupportedInterfaceOrientations_iPhone = UIInterfaceOrientationPortrait;
				LD_RUNPATH_SEARCH_PATHS = (
					"$(inherited)",
					"@executable_path/Frameworks",
				);
				MARKETING_VERSION = 1.0;
				PRODUCT_BUNDLE_IDENTIFIER = com.emretopcu.mychat;
				PRODUCT_NAME = "$(TARGET_NAME)";
				SWIFT_EMIT_LOC_STRINGS = YES;
				SWIFT_VERSION = 5.0;
				TARGETED_DEVICE_FAMILY = "1,2";
			};
			name = Debug;
		};
		29C37353278E300B00E34242 /* Release */ = {
			isa = XCBuildConfiguration;
			buildSettings = {
				ASSETCATALOG_COMPILER_APPICON_NAME = AppIcon;
				ASSETCATALOG_COMPILER_GLOBAL_ACCENT_COLOR_NAME = AccentColor;
				CODE_SIGN_STYLE = Automatic;
				CURRENT_PROJECT_VERSION = 1;
				DEVELOPMENT_ASSET_PATHS = "\"MyChat/Preview Content\"";
				ENABLE_PREVIEWS = YES;
				GENERATE_INFOPLIST_FILE = YES;
				INFOPLIST_FILE = MyChat/Info.plist;
				INFOPLIST_KEY_NSPhotoLibraryUsageDescription = "MyChat wants to reach your photos in order to set your profile pictıre.";
				INFOPLIST_KEY_UIApplicationSceneManifest_Generation = YES;
				INFOPLIST_KEY_UIApplicationSupportsIndirectInputEvents = YES;
				INFOPLIST_KEY_UILaunchScreen_Generation = YES;
				INFOPLIST_KEY_UISupportedInterfaceOrientations = UIInterfaceOrientationPortrait;
				INFOPLIST_KEY_UISupportedInterfaceOrientations_iPad = "UIInterfaceOrientationPortrait UIInterfaceOrientationPortraitUpsideDown UIInterfaceOrientationLandscapeLeft UIInterfaceOrientationLandscapeRight";
				INFOPLIST_KEY_UISupportedInterfaceOrientations_iPhone = UIInterfaceOrientationPortrait;
				LD_RUNPATH_SEARCH_PATHS = (
					"$(inherited)",
					"@executable_path/Frameworks",
				);
				MARKETING_VERSION = 1.0;
				PRODUCT_BUNDLE_IDENTIFIER = com.emretopcu.mychat;
				PRODUCT_NAME = "$(TARGET_NAME)";
				SWIFT_EMIT_LOC_STRINGS = YES;
				SWIFT_VERSION = 5.0;
				TARGETED_DEVICE_FAMILY = "1,2";
			};
			name = Release;
		};
/* End XCBuildConfiguration section */

/* Begin XCConfigurationList section */
		29C3733E278E300B00E34242 /* Build configuration list for PBXProject "MyChat" */ = {
			isa = XCConfigurationList;
			buildConfigurations = (
				29C3734F278E300B00E34242 /* Debug */,
				29C37350278E300B00E34242 /* Release */,
			);
			defaultConfigurationIsVisible = 0;
			defaultConfigurationName = Release;
		};
		29C37351278E300B00E34242 /* Build configuration list for PBXNativeTarget "MyChat" */ = {
			isa = XCConfigurationList;
			buildConfigurations = (
				29C37352278E300B00E34242 /* Debug */,
				29C37353278E300B00E34242 /* Release */,
			);
			defaultConfigurationIsVisible = 0;
			defaultConfigurationName = Release;
		};
/* End XCConfigurationList section */

/* Begin XCRemoteSwiftPackageReference section */
		294170C527A9D6C5007860F0 /* XCRemoteSwiftPackageReference "firebase-ios-sdk" */ = {
			isa = XCRemoteSwiftPackageReference;
			repositoryURL = "https://github.com/firebase/firebase-ios-sdk";
			requirement = {
				kind = exactVersion;
				version = 8.9.1;
			};
		};
/* End XCRemoteSwiftPackageReference section */

/* Begin XCSwiftPackageProductDependency section */
		294170C627A9D6C5007860F0 /* FirebaseAnalytics */ = {
			isa = XCSwiftPackageProductDependency;
			package = 294170C527A9D6C5007860F0 /* XCRemoteSwiftPackageReference "firebase-ios-sdk" */;
			productName = FirebaseAnalytics;
		};
		294170C827A9D6C5007860F0 /* FirebaseAnalyticsSwift-Beta */ = {
			isa = XCSwiftPackageProductDependency;
			package = 294170C527A9D6C5007860F0 /* XCRemoteSwiftPackageReference "firebase-ios-sdk" */;
			productName = "FirebaseAnalyticsSwift-Beta";
		};
		294170CA27A9D6C5007860F0 /* FirebaseAuth */ = {
			isa = XCSwiftPackageProductDependency;
			package = 294170C527A9D6C5007860F0 /* XCRemoteSwiftPackageReference "firebase-ios-sdk" */;
			productName = FirebaseAuth;
		};
		294170CC27A9D6C5007860F0 /* FirebaseAuthCombine-Community */ = {
			isa = XCSwiftPackageProductDependency;
			package = 294170C527A9D6C5007860F0 /* XCRemoteSwiftPackageReference "firebase-ios-sdk" */;
			productName = "FirebaseAuthCombine-Community";
		};
		294170CE27A9D6C5007860F0 /* FirebaseFirestore */ = {
			isa = XCSwiftPackageProductDependency;
			package = 294170C527A9D6C5007860F0 /* XCRemoteSwiftPackageReference "firebase-ios-sdk" */;
			productName = FirebaseFirestore;
		};
		294170D027A9D6C5007860F0 /* FirebaseFirestoreCombine-Community */ = {
			isa = XCSwiftPackageProductDependency;
			package = 294170C527A9D6C5007860F0 /* XCRemoteSwiftPackageReference "firebase-ios-sdk" */;
			productName = "FirebaseFirestoreCombine-Community";
		};
		294170D227A9D6C5007860F0 /* FirebaseFirestoreSwift-Beta */ = {
			isa = XCSwiftPackageProductDependency;
			package = 294170C527A9D6C5007860F0 /* XCRemoteSwiftPackageReference "firebase-ios-sdk" */;
			productName = "FirebaseFirestoreSwift-Beta";
		};
		294170D427A9D6C5007860F0 /* FirebaseFunctions */ = {
			isa = XCSwiftPackageProductDependency;
			package = 294170C527A9D6C5007860F0 /* XCRemoteSwiftPackageReference "firebase-ios-sdk" */;
			productName = FirebaseFunctions;
		};
		294170D627A9D6C5007860F0 /* FirebaseFunctionsCombine-Community */ = {
			isa = XCSwiftPackageProductDependency;
			package = 294170C527A9D6C5007860F0 /* XCRemoteSwiftPackageReference "firebase-ios-sdk" */;
			productName = "FirebaseFunctionsCombine-Community";
		};
		294170D827A9D6C5007860F0 /* FirebaseInAppMessaging-Beta */ = {
			isa = XCSwiftPackageProductDependency;
			package = 294170C527A9D6C5007860F0 /* XCRemoteSwiftPackageReference "firebase-ios-sdk" */;
			productName = "FirebaseInAppMessaging-Beta";
		};
		294170DA27A9D6C5007860F0 /* FirebaseInAppMessagingSwift-Beta */ = {
			isa = XCSwiftPackageProductDependency;
			package = 294170C527A9D6C5007860F0 /* XCRemoteSwiftPackageReference "firebase-ios-sdk" */;
			productName = "FirebaseInAppMessagingSwift-Beta";
		};
		294170DC27A9D6C5007860F0 /* FirebaseMessaging */ = {
			isa = XCSwiftPackageProductDependency;
			package = 294170C527A9D6C5007860F0 /* XCRemoteSwiftPackageReference "firebase-ios-sdk" */;
			productName = FirebaseMessaging;
		};
		294170DE27A9D6C5007860F0 /* FirebaseStorage */ = {
			isa = XCSwiftPackageProductDependency;
			package = 294170C527A9D6C5007860F0 /* XCRemoteSwiftPackageReference "firebase-ios-sdk" */;
			productName = FirebaseStorage;
		};
		294170E027A9D6C5007860F0 /* FirebaseStorageCombine-Community */ = {
			isa = XCSwiftPackageProductDependency;
			package = 294170C527A9D6C5007860F0 /* XCRemoteSwiftPackageReference "firebase-ios-sdk" */;
			productName = "FirebaseStorageCombine-Community";
		};
		294170E227A9D6C5007860F0 /* FirebaseStorageSwift-Beta */ = {
			isa = XCSwiftPackageProductDependency;
			package = 294170C527A9D6C5007860F0 /* XCRemoteSwiftPackageReference "firebase-ios-sdk" */;
			productName = "FirebaseStorageSwift-Beta";
		};
/* End XCSwiftPackageProductDependency section */
	};
	rootObject = 29C3733B278E300B00E34242 /* Project object */;
}
